// !$*UTF8*$!
{
	archiveVersion = 1;
	classes = {
	};
	objectVersion = 56;
	objects = {

/* Begin PBXBuildFile section */
		ED1EDF8329223F5400724180 /* MotionAnimationView.swift in Sources */ = {isa = PBXBuildFile; fileRef = ED1EDF8229223F5400724180 /* MotionAnimationView.swift */; };
		ED6C6756292112570072F493 /* VideoModel.swift in Sources */ = {isa = PBXBuildFile; fileRef = ED6C6755292112570072F493 /* VideoModel.swift */; };
		ED6C67582921134C0072F493 /* VideoListItemView.swift in Sources */ = {isa = PBXBuildFile; fileRef = ED6C67572921134C0072F493 /* VideoListItemView.swift */; };
		ED9D9C06291D3B5000967892 /* gorilla.mp4 in Resources */ = {isa = PBXBuildFile; fileRef = ED9D9BFC291D3B4B00967892 /* gorilla.mp4 */; };
		ED9D9C07291D3B5000967892 /* lioness.mp4 in Resources */ = {isa = PBXBuildFile; fileRef = ED9D9BFD291D3B4C00967892 /* lioness.mp4 */; };
		ED9D9C08291D3B5000967892 /* hippo.mp4 in Resources */ = {isa = PBXBuildFile; fileRef = ED9D9BFE291D3B4C00967892 /* hippo.mp4 */; };
		ED9D9C09291D3B5000967892 /* ostrich.mp4 in Resources */ = {isa = PBXBuildFile; fileRef = ED9D9BFF291D3B4D00967892 /* ostrich.mp4 */; };
		ED9D9C0A291D3B5000967892 /* lion.mp4 in Resources */ = {isa = PBXBuildFile; fileRef = ED9D9C00291D3B4D00967892 /* lion.mp4 */; };
		ED9D9C0B291D3B5000967892 /* zebra.mp4 in Resources */ = {isa = PBXBuildFile; fileRef = ED9D9C01291D3B4E00967892 /* zebra.mp4 */; };
		ED9D9C0C291D3B5000967892 /* cheetah.mp4 in Resources */ = {isa = PBXBuildFile; fileRef = ED9D9C02291D3B4E00967892 /* cheetah.mp4 */; };
		ED9D9C0D291D3B5000967892 /* elephant.mp4 in Resources */ = {isa = PBXBuildFile; fileRef = ED9D9C03291D3B4F00967892 /* elephant.mp4 */; };
		ED9D9C0E291D3B5000967892 /* rhino.mp4 in Resources */ = {isa = PBXBuildFile; fileRef = ED9D9C04291D3B4F00967892 /* rhino.mp4 */; };
		ED9D9C0F291D3B5000967892 /* giraffe.mp4 in Resources */ = {isa = PBXBuildFile; fileRef = ED9D9C05291D3B4F00967892 /* giraffe.mp4 */; };
		ED9D9C15291D3BC500967892 /* videos.json in Resources */ = {isa = PBXBuildFile; fileRef = ED9D9C11291D3BC500967892 /* videos.json */; };
		ED9D9C16291D3BC500967892 /* animals.json in Resources */ = {isa = PBXBuildFile; fileRef = ED9D9C12291D3BC500967892 /* animals.json */; };
		ED9D9C17291D3BC500967892 /* locations.json in Resources */ = {isa = PBXBuildFile; fileRef = ED9D9C13291D3BC500967892 /* locations.json */; };
		ED9D9C18291D3BC500967892 /* covers.json in Resources */ = {isa = PBXBuildFile; fileRef = ED9D9C14291D3BC500967892 /* covers.json */; };
		ED9D9C1C291D405400967892 /* VideoListView.swift in Sources */ = {isa = PBXBuildFile; fileRef = ED9D9C1B291D405400967892 /* VideoListView.swift */; };
		ED9D9C1E291D408700967892 /* MapView.swift in Sources */ = {isa = PBXBuildFile; fileRef = ED9D9C1D291D408700967892 /* MapView.swift */; };
		ED9D9C20291D40A400967892 /* GalleryView.swift in Sources */ = {isa = PBXBuildFile; fileRef = ED9D9C1F291D40A400967892 /* GalleryView.swift */; };
		ED9D9C22291D40D700967892 /* MainView.swift in Sources */ = {isa = PBXBuildFile; fileRef = ED9D9C21291D40D700967892 /* MainView.swift */; };
		ED9D9C25291D449400967892 /* CoverImageView.swift in Sources */ = {isa = PBXBuildFile; fileRef = ED9D9C24291D449400967892 /* CoverImageView.swift */; };
		ED9D9C28291D48B000967892 /* CoverImageModel.swift in Sources */ = {isa = PBXBuildFile; fileRef = ED9D9C27291D48B000967892 /* CoverImageModel.swift */; };
		ED9D9C2B291D4ACB00967892 /* CodableBundleExtension.swift in Sources */ = {isa = PBXBuildFile; fileRef = ED9D9C2A291D4ACB00967892 /* CodableBundleExtension.swift */; };
		ED9D9C2D291D5D8600967892 /* AnimalListItemView.swift in Sources */ = {isa = PBXBuildFile; fileRef = ED9D9C2C291D5D8600967892 /* AnimalListItemView.swift */; };
		ED9D9C2F291D627E00967892 /* AnimalModel.swift in Sources */ = {isa = PBXBuildFile; fileRef = ED9D9C2E291D627E00967892 /* AnimalModel.swift */; };
		ED9D9C31291D6BB600967892 /* AnimalDetailView.swift in Sources */ = {isa = PBXBuildFile; fileRef = ED9D9C30291D6BB600967892 /* AnimalDetailView.swift */; };
		ED9D9C33291D8CB400967892 /* HeadingView.swift in Sources */ = {isa = PBXBuildFile; fileRef = ED9D9C32291D8CB400967892 /* HeadingView.swift */; };
		ED9D9C35291E276600967892 /* InsetGalleryVIew.swift in Sources */ = {isa = PBXBuildFile; fileRef = ED9D9C34291E276600967892 /* InsetGalleryVIew.swift */; };
		EDDA378D2920118100D969AE /* InsetFactView.swift in Sources */ = {isa = PBXBuildFile; fileRef = EDDA378C2920118100D969AE /* InsetFactView.swift */; };
		EDDA378F292020F700D969AE /* InsetMapView.swift in Sources */ = {isa = PBXBuildFile; fileRef = EDDA378E292020F700D969AE /* InsetMapView.swift */; };
		EDDA379129204F5900D969AE /* ExternalWebLinkView.swift in Sources */ = {isa = PBXBuildFile; fileRef = EDDA379029204F5900D969AE /* ExternalWebLinkView.swift */; };
		EDEDD89429213B51008C99A5 /* VideoPlayerView.swift in Sources */ = {isa = PBXBuildFile; fileRef = EDEDD89329213B51008C99A5 /* VideoPlayerView.swift */; };
		EDEDD89729213CD0008C99A5 /* VideoPlayerHerper.swift in Sources */ = {isa = PBXBuildFile; fileRef = EDEDD89629213CD0008C99A5 /* VideoPlayerHerper.swift */; };
		EDEDD899292144BE008C99A5 /* LocationModel.swift in Sources */ = {isa = PBXBuildFile; fileRef = EDEDD898292144BE008C99A5 /* LocationModel.swift */; };
		EDEDD89B29214DEA008C99A5 /* MapAnnotationView.swift in Sources */ = {isa = PBXBuildFile; fileRef = EDEDD89A29214DEA008C99A5 /* MapAnnotationView.swift */; };
		EDF854DD291D3027004217B3 /* Africa_CredoApp.swift in Sources */ = {isa = PBXBuildFile; fileRef = EDF854DC291D3027004217B3 /* Africa_CredoApp.swift */; };
		EDF854DF291D3027004217B3 /* ContentView.swift in Sources */ = {isa = PBXBuildFile; fileRef = EDF854DE291D3027004217B3 /* ContentView.swift */; };
		EDF854E1291D302F004217B3 /* Assets.xcassets in Resources */ = {isa = PBXBuildFile; fileRef = EDF854E0291D302F004217B3 /* Assets.xcassets */; };
		EDF854E4291D302F004217B3 /* Preview Assets.xcassets in Resources */ = {isa = PBXBuildFile; fileRef = EDF854E3291D302F004217B3 /* Preview Assets.xcassets */; };
/* End PBXBuildFile section */

/* Begin PBXFileReference section */
		ED1EDF8229223F5400724180 /* MotionAnimationView.swift */ = {isa = PBXFileReference; lastKnownFileType = sourcecode.swift; path = MotionAnimationView.swift; sourceTree = "<group>"; };
		ED6C6755292112570072F493 /* VideoModel.swift */ = {isa = PBXFileReference; lastKnownFileType = sourcecode.swift; path = VideoModel.swift; sourceTree = "<group>"; };
		ED6C67572921134C0072F493 /* VideoListItemView.swift */ = {isa = PBXFileReference; lastKnownFileType = sourcecode.swift; path = VideoListItemView.swift; sourceTree = "<group>"; };
		ED9D9BFC291D3B4B00967892 /* gorilla.mp4 */ = {isa = PBXFileReference; lastKnownFileType = file; path = gorilla.mp4; sourceTree = "<group>"; };
		ED9D9BFD291D3B4C00967892 /* lioness.mp4 */ = {isa = PBXFileReference; lastKnownFileType = file; path = lioness.mp4; sourceTree = "<group>"; };
		ED9D9BFE291D3B4C00967892 /* hippo.mp4 */ = {isa = PBXFileReference; lastKnownFileType = file; path = hippo.mp4; sourceTree = "<group>"; };
		ED9D9BFF291D3B4D00967892 /* ostrich.mp4 */ = {isa = PBXFileReference; lastKnownFileType = file; path = ostrich.mp4; sourceTree = "<group>"; };
		ED9D9C00291D3B4D00967892 /* lion.mp4 */ = {isa = PBXFileReference; lastKnownFileType = file; path = lion.mp4; sourceTree = "<group>"; };
		ED9D9C01291D3B4E00967892 /* zebra.mp4 */ = {isa = PBXFileReference; lastKnownFileType = file; path = zebra.mp4; sourceTree = "<group>"; };
		ED9D9C02291D3B4E00967892 /* cheetah.mp4 */ = {isa = PBXFileReference; lastKnownFileType = file; path = cheetah.mp4; sourceTree = "<group>"; };
		ED9D9C03291D3B4F00967892 /* elephant.mp4 */ = {isa = PBXFileReference; lastKnownFileType = file; path = elephant.mp4; sourceTree = "<group>"; };
		ED9D9C04291D3B4F00967892 /* rhino.mp4 */ = {isa = PBXFileReference; lastKnownFileType = file; path = rhino.mp4; sourceTree = "<group>"; };
		ED9D9C05291D3B4F00967892 /* giraffe.mp4 */ = {isa = PBXFileReference; lastKnownFileType = file; path = giraffe.mp4; sourceTree = "<group>"; };
		ED9D9C11291D3BC500967892 /* videos.json */ = {isa = PBXFileReference; fileEncoding = 4; lastKnownFileType = text.json; path = videos.json; sourceTree = "<group>"; };
		ED9D9C12291D3BC500967892 /* animals.json */ = {isa = PBXFileReference; fileEncoding = 4; lastKnownFileType = text.json; path = animals.json; sourceTree = "<group>"; };
		ED9D9C13291D3BC500967892 /* locations.json */ = {isa = PBXFileReference; fileEncoding = 4; lastKnownFileType = text.json; path = locations.json; sourceTree = "<group>"; };
		ED9D9C14291D3BC500967892 /* covers.json */ = {isa = PBXFileReference; fileEncoding = 4; lastKnownFileType = text.json; path = covers.json; sourceTree = "<group>"; };
		ED9D9C19291D3EAE00967892 /* Africa-Credo-Info.plist */ = {isa = PBXFileReference; lastKnownFileType = text.plist; path = "Africa-Credo-Info.plist"; sourceTree = SOURCE_ROOT; };
		ED9D9C1B291D405400967892 /* VideoListView.swift */ = {isa = PBXFileReference; lastKnownFileType = sourcecode.swift; path = VideoListView.swift; sourceTree = "<group>"; };
		ED9D9C1D291D408700967892 /* MapView.swift */ = {isa = PBXFileReference; lastKnownFileType = sourcecode.swift; path = MapView.swift; sourceTree = "<group>"; };
		ED9D9C1F291D40A400967892 /* GalleryView.swift */ = {isa = PBXFileReference; lastKnownFileType = sourcecode.swift; path = GalleryView.swift; sourceTree = "<group>"; };
		ED9D9C21291D40D700967892 /* MainView.swift */ = {isa = PBXFileReference; lastKnownFileType = sourcecode.swift; path = MainView.swift; sourceTree = "<group>"; };
		ED9D9C24291D449400967892 /* CoverImageView.swift */ = {isa = PBXFileReference; lastKnownFileType = sourcecode.swift; path = CoverImageView.swift; sourceTree = "<group>"; };
		ED9D9C27291D48B000967892 /* CoverImageModel.swift */ = {isa = PBXFileReference; lastKnownFileType = sourcecode.swift; path = CoverImageModel.swift; sourceTree = "<group>"; };
		ED9D9C2A291D4ACB00967892 /* CodableBundleExtension.swift */ = {isa = PBXFileReference; lastKnownFileType = sourcecode.swift; path = CodableBundleExtension.swift; sourceTree = "<group>"; };
		ED9D9C2C291D5D8600967892 /* AnimalListItemView.swift */ = {isa = PBXFileReference; lastKnownFileType = sourcecode.swift; path = AnimalListItemView.swift; sourceTree = "<group>"; };
		ED9D9C2E291D627E00967892 /* AnimalModel.swift */ = {isa = PBXFileReference; lastKnownFileType = sourcecode.swift; path = AnimalModel.swift; sourceTree = "<group>"; };
		ED9D9C30291D6BB600967892 /* AnimalDetailView.swift */ = {isa = PBXFileReference; lastKnownFileType = sourcecode.swift; path = AnimalDetailView.swift; sourceTree = "<group>"; };
		ED9D9C32291D8CB400967892 /* HeadingView.swift */ = {isa = PBXFileReference; lastKnownFileType = sourcecode.swift; path = HeadingView.swift; sourceTree = "<group>"; };
		ED9D9C34291E276600967892 /* InsetGalleryVIew.swift */ = {isa = PBXFileReference; lastKnownFileType = sourcecode.swift; path = InsetGalleryVIew.swift; sourceTree = "<group>"; };
		EDDA378C2920118100D969AE /* InsetFactView.swift */ = {isa = PBXFileReference; lastKnownFileType = sourcecode.swift; path = InsetFactView.swift; sourceTree = "<group>"; };
		EDDA378E292020F700D969AE /* InsetMapView.swift */ = {isa = PBXFileReference; lastKnownFileType = sourcecode.swift; path = InsetMapView.swift; sourceTree = "<group>"; };
		EDDA379029204F5900D969AE /* ExternalWebLinkView.swift */ = {isa = PBXFileReference; lastKnownFileType = sourcecode.swift; path = ExternalWebLinkView.swift; sourceTree = "<group>"; };
		EDEDD89329213B51008C99A5 /* VideoPlayerView.swift */ = {isa = PBXFileReference; lastKnownFileType = sourcecode.swift; path = VideoPlayerView.swift; sourceTree = "<group>"; };
		EDEDD89629213CD0008C99A5 /* VideoPlayerHerper.swift */ = {isa = PBXFileReference; lastKnownFileType = sourcecode.swift; path = VideoPlayerHerper.swift; sourceTree = "<group>"; };
		EDEDD898292144BE008C99A5 /* LocationModel.swift */ = {isa = PBXFileReference; lastKnownFileType = sourcecode.swift; path = LocationModel.swift; sourceTree = "<group>"; };
		EDEDD89A29214DEA008C99A5 /* MapAnnotationView.swift */ = {isa = PBXFileReference; lastKnownFileType = sourcecode.swift; path = MapAnnotationView.swift; sourceTree = "<group>"; };
		EDF854D9291D3027004217B3 /* Africa_Credo.app */ = {isa = PBXFileReference; explicitFileType = wrapper.application; includeInIndex = 0; path = Africa_Credo.app; sourceTree = BUILT_PRODUCTS_DIR; };
		EDF854DC291D3027004217B3 /* Africa_CredoApp.swift */ = {isa = PBXFileReference; lastKnownFileType = sourcecode.swift; path = Africa_CredoApp.swift; sourceTree = "<group>"; };
		EDF854DE291D3027004217B3 /* ContentView.swift */ = {isa = PBXFileReference; lastKnownFileType = sourcecode.swift; path = ContentView.swift; sourceTree = "<group>"; };
		EDF854E0291D302F004217B3 /* Assets.xcassets */ = {isa = PBXFileReference; lastKnownFileType = folder.assetcatalog; path = Assets.xcassets; sourceTree = "<group>"; };
		EDF854E3291D302F004217B3 /* Preview Assets.xcassets */ = {isa = PBXFileReference; lastKnownFileType = folder.assetcatalog; path = "Preview Assets.xcassets"; sourceTree = "<group>"; };
/* End PBXFileReference section */

/* Begin PBXFrameworksBuildPhase section */
		EDF854D6291D3027004217B3 /* Frameworks */ = {
			isa = PBXFrameworksBuildPhase;
			buildActionMask = 2147483647;
			files = (
			);
			runOnlyForDeploymentPostprocessing = 0;
		};
/* End PBXFrameworksBuildPhase section */

/* Begin PBXGroup section */
		ED9D9BFB291D3AF000967892 /* Video */ = {
			isa = PBXGroup;
			children = (
				ED9D9C02291D3B4E00967892 /* cheetah.mp4 */,
				ED9D9C03291D3B4F00967892 /* elephant.mp4 */,
				ED9D9C05291D3B4F00967892 /* giraffe.mp4 */,
				ED9D9BFC291D3B4B00967892 /* gorilla.mp4 */,
				ED9D9BFE291D3B4C00967892 /* hippo.mp4 */,
				ED9D9C00291D3B4D00967892 /* lion.mp4 */,
				ED9D9BFD291D3B4C00967892 /* lioness.mp4 */,
				ED9D9BFF291D3B4D00967892 /* ostrich.mp4 */,
				ED9D9C04291D3B4F00967892 /* rhino.mp4 */,
				ED9D9C01291D3B4E00967892 /* zebra.mp4 */,
			);
			path = Video;
			sourceTree = "<group>";
		};
		ED9D9C10291D3B8900967892 /* Data */ = {
			isa = PBXGroup;
			children = (
				ED9D9C12291D3BC500967892 /* animals.json */,
				ED9D9C14291D3BC500967892 /* covers.json */,
				ED9D9C13291D3BC500967892 /* locations.json */,
				ED9D9C11291D3BC500967892 /* videos.json */,
			);
			path = Data;
			sourceTree = "<group>";
		};
		ED9D9C1A291D3FA400967892 /* App */ = {
			isa = PBXGroup;
			children = (
				EDF854DC291D3027004217B3 /* Africa_CredoApp.swift */,
				EDF854DE291D3027004217B3 /* ContentView.swift */,
				ED9D9C1B291D405400967892 /* VideoListView.swift */,
				ED9D9C1D291D408700967892 /* MapView.swift */,
				ED9D9C1F291D40A400967892 /* GalleryView.swift */,
				ED9D9C21291D40D700967892 /* MainView.swift */,
			);
			path = App;
			sourceTree = "<group>";
		};
		ED9D9C23291D444500967892 /* View */ = {
			isa = PBXGroup;
			children = (
				ED9D9C24291D449400967892 /* CoverImageView.swift */,
				ED9D9C2C291D5D8600967892 /* AnimalListItemView.swift */,
				ED9D9C30291D6BB600967892 /* AnimalDetailView.swift */,
				ED9D9C32291D8CB400967892 /* HeadingView.swift */,
				ED9D9C34291E276600967892 /* InsetGalleryVIew.swift */,
				EDDA378C2920118100D969AE /* InsetFactView.swift */,
				EDDA378E292020F700D969AE /* InsetMapView.swift */,
				EDDA379029204F5900D969AE /* ExternalWebLinkView.swift */,
				ED6C67572921134C0072F493 /* VideoListItemView.swift */,
				EDEDD89329213B51008C99A5 /* VideoPlayerView.swift */,
				EDEDD89A29214DEA008C99A5 /* MapAnnotationView.swift */,
				ED1EDF8229223F5400724180 /* MotionAnimationView.swift */,
			);
			path = View;
			sourceTree = "<group>";
		};
		ED9D9C26291D488100967892 /* Model */ = {
			isa = PBXGroup;
			children = (
				ED9D9C27291D48B000967892 /* CoverImageModel.swift */,
				ED9D9C2E291D627E00967892 /* AnimalModel.swift */,
				ED6C6755292112570072F493 /* VideoModel.swift */,
				EDEDD898292144BE008C99A5 /* LocationModel.swift */,
			);
			path = Model;
			sourceTree = "<group>";
		};
		ED9D9C29291D4A8E00967892 /* Extension */ = {
			isa = PBXGroup;
			children = (
				ED9D9C2A291D4ACB00967892 /* CodableBundleExtension.swift */,
			);
			path = Extension;
			sourceTree = "<group>";
		};
		EDEDD89529213CAA008C99A5 /* Helper */ = {
			isa = PBXGroup;
			children = (
				EDEDD89629213CD0008C99A5 /* VideoPlayerHerper.swift */,
			);
			path = Helper;
			sourceTree = "<group>";
		};
		EDF854D0291D3027004217B3 = {
			isa = PBXGroup;
			children = (
				EDF854DB291D3027004217B3 /* Africa_Credo */,
				EDF854DA291D3027004217B3 /* Products */,
			);
			sourceTree = "<group>";
		};
		EDF854DA291D3027004217B3 /* Products */ = {
			isa = PBXGroup;
			children = (
				EDF854D9291D3027004217B3 /* Africa_Credo.app */,
			);
			name = Products;
			sourceTree = "<group>";
		};
		EDF854DB291D3027004217B3 /* Africa_Credo */ = {
			isa = PBXGroup;
			children = (
				EDEDD89529213CAA008C99A5 /* Helper */,
				ED9D9C29291D4A8E00967892 /* Extension */,
				ED9D9C26291D488100967892 /* Model */,
				ED9D9C23291D444500967892 /* View */,
				ED9D9C1A291D3FA400967892 /* App */,
				ED9D9C10291D3B8900967892 /* Data */,
				ED9D9BFB291D3AF000967892 /* Video */,
				EDF854E0291D302F004217B3 /* Assets.xcassets */,
				ED9D9C19291D3EAE00967892 /* Africa-Credo-Info.plist */,
				EDF854E2291D302F004217B3 /* Preview Content */,
			);
			path = Africa_Credo;
			sourceTree = "<group>";
		};
		EDF854E2291D302F004217B3 /* Preview Content */ = {
			isa = PBXGroup;
			children = (
				EDF854E3291D302F004217B3 /* Preview Assets.xcassets */,
			);
			path = "Preview Content";
			sourceTree = "<group>";
		};
/* End PBXGroup section */

/* Begin PBXNativeTarget section */
		EDF854D8291D3027004217B3 /* Africa_Credo */ = {
			isa = PBXNativeTarget;
			buildConfigurationList = EDF854E7291D302F004217B3 /* Build configuration list for PBXNativeTarget "Africa_Credo" */;
			buildPhases = (
				EDF854D5291D3027004217B3 /* Sources */,
				EDF854D6291D3027004217B3 /* Frameworks */,
				EDF854D7291D3027004217B3 /* Resources */,
			);
			buildRules = (
			);
			dependencies = (
			);
			name = Africa_Credo;
			productName = Africa_Credo;
			productReference = EDF854D9291D3027004217B3 /* Africa_Credo.app */;
			productType = "com.apple.product-type.application";
		};
/* End PBXNativeTarget section */

/* Begin PBXProject section */
		EDF854D1291D3027004217B3 /* Project object */ = {
			isa = PBXProject;
			attributes = {
				BuildIndependentTargetsInParallel = 1;
				LastSwiftUpdateCheck = 1410;
				LastUpgradeCheck = 1410;
				TargetAttributes = {
					EDF854D8291D3027004217B3 = {
						CreatedOnToolsVersion = 14.1;
					};
				};
			};
			buildConfigurationList = EDF854D4291D3027004217B3 /* Build configuration list for PBXProject "Africa_Credo" */;
			compatibilityVersion = "Xcode 14.0";
			developmentRegion = en;
			hasScannedForEncodings = 0;
			knownRegions = (
				en,
				Base,
			);
			mainGroup = EDF854D0291D3027004217B3;
			productRefGroup = EDF854DA291D3027004217B3 /* Products */;
			projectDirPath = "";
			projectRoot = "";
			targets = (
				EDF854D8291D3027004217B3 /* Africa_Credo */,
			);
		};
/* End PBXProject section */

/* Begin PBXResourcesBuildPhase section */
		EDF854D7291D3027004217B3 /* Resources */ = {
			isa = PBXResourcesBuildPhase;
			buildActionMask = 2147483647;
			files = (
				ED9D9C09291D3B5000967892 /* ostrich.mp4 in Resources */,
				ED9D9C08291D3B5000967892 /* hippo.mp4 in Resources */,
				ED9D9C0F291D3B5000967892 /* giraffe.mp4 in Resources */,
				ED9D9C0A291D3B5000967892 /* lion.mp4 in Resources */,
				ED9D9C15291D3BC500967892 /* videos.json in Resources */,
				ED9D9C18291D3BC500967892 /* covers.json in Resources */,
				EDF854E4291D302F004217B3 /* Preview Assets.xcassets in Resources */,
				ED9D9C0B291D3B5000967892 /* zebra.mp4 in Resources */,
				ED9D9C17291D3BC500967892 /* locations.json in Resources */,
				ED9D9C16291D3BC500967892 /* animals.json in Resources */,
				ED9D9C06291D3B5000967892 /* gorilla.mp4 in Resources */,
				EDF854E1291D302F004217B3 /* Assets.xcassets in Resources */,
				ED9D9C07291D3B5000967892 /* lioness.mp4 in Resources */,
				ED9D9C0D291D3B5000967892 /* elephant.mp4 in Resources */,
				ED9D9C0E291D3B5000967892 /* rhino.mp4 in Resources */,
				ED9D9C0C291D3B5000967892 /* cheetah.mp4 in Resources */,
			);
			runOnlyForDeploymentPostprocessing = 0;
		};
/* End PBXResourcesBuildPhase section */

/* Begin PBXSourcesBuildPhase section */
		EDF854D5291D3027004217B3 /* Sources */ = {
			isa = PBXSourcesBuildPhase;
			buildActionMask = 2147483647;
			files = (
				EDF854DF291D3027004217B3 /* ContentView.swift in Sources */,
				ED9D9C2D291D5D8600967892 /* AnimalListItemView.swift in Sources */,
				ED9D9C22291D40D700967892 /* MainView.swift in Sources */,
				EDDA378D2920118100D969AE /* InsetFactView.swift in Sources */,
				ED9D9C25291D449400967892 /* CoverImageView.swift in Sources */,
				ED9D9C28291D48B000967892 /* CoverImageModel.swift in Sources */,
				ED9D9C31291D6BB600967892 /* AnimalDetailView.swift in Sources */,
				ED9D9C2F291D627E00967892 /* AnimalModel.swift in Sources */,
				ED9D9C1E291D408700967892 /* MapView.swift in Sources */,
				EDDA378F292020F700D969AE /* InsetMapView.swift in Sources */,
				EDF854DD291D3027004217B3 /* Africa_CredoApp.swift in Sources */,
				EDDA379129204F5900D969AE /* ExternalWebLinkView.swift in Sources */,
				ED9D9C1C291D405400967892 /* VideoListView.swift in Sources */,
				EDEDD89B29214DEA008C99A5 /* MapAnnotationView.swift in Sources */,
				ED6C6756292112570072F493 /* VideoModel.swift in Sources */,
				ED9D9C20291D40A400967892 /* GalleryView.swift in Sources */,
				ED9D9C35291E276600967892 /* InsetGalleryVIew.swift in Sources */,
				EDEDD899292144BE008C99A5 /* LocationModel.swift in Sources */,
				ED6C67582921134C0072F493 /* VideoListItemView.swift in Sources */,
				ED9D9C2B291D4ACB00967892 /* CodableBundleExtension.swift in Sources */,
				ED9D9C33291D8CB400967892 /* HeadingView.swift in Sources */,
				ED1EDF8329223F5400724180 /* MotionAnimationView.swift in Sources */,
				EDEDD89429213B51008C99A5 /* VideoPlayerView.swift in Sources */,
				EDEDD89729213CD0008C99A5 /* VideoPlayerHerper.swift in Sources */,
			);
			runOnlyForDeploymentPostprocessing = 0;
		};
/* End PBXSourcesBuildPhase section */

/* Begin XCBuildConfiguration section */
		EDF854E5291D302F004217B3 /* Debug */ = {
			isa = XCBuildConfiguration;
			buildSettings = {
				ALWAYS_SEARCH_USER_PATHS = NO;
				CLANG_ANALYZER_NONNULL = YES;
				CLANG_ANALYZER_NUMBER_OBJECT_CONVERSION = YES_AGGRESSIVE;
				CLANG_CXX_LANGUAGE_STANDARD = "gnu++20";
				CLANG_ENABLE_MODULES = YES;
				CLANG_ENABLE_OBJC_ARC = YES;
				CLANG_ENABLE_OBJC_WEAK = YES;
				CLANG_WARN_BLOCK_CAPTURE_AUTORELEASING = YES;
				CLANG_WARN_BOOL_CONVERSION = YES;
				CLANG_WARN_COMMA = YES;
				CLANG_WARN_CONSTANT_CONVERSION = YES;
				CLANG_WARN_DEPRECATED_OBJC_IMPLEMENTATIONS = YES;
				CLANG_WARN_DIRECT_OBJC_ISA_USAGE = YES_ERROR;
				CLANG_WARN_DOCUMENTATION_COMMENTS = YES;
				CLANG_WARN_EMPTY_BODY = YES;
				CLANG_WARN_ENUM_CONVERSION = YES;
				CLANG_WARN_INFINITE_RECURSION = YES;
				CLANG_WARN_INT_CONVERSION = YES;
				CLANG_WARN_NON_LITERAL_NULL_CONVERSION = YES;
				CLANG_WARN_OBJC_IMPLICIT_RETAIN_SELF = YES;
				CLANG_WARN_OBJC_LITERAL_CONVERSION = YES;
				CLANG_WARN_OBJC_ROOT_CLASS = YES_ERROR;
				CLANG_WARN_QUOTED_INCLUDE_IN_FRAMEWORK_HEADER = YES;
				CLANG_WARN_RANGE_LOOP_ANALYSIS = YES;
				CLANG_WARN_STRICT_PROTOTYPES = YES;
				CLANG_WARN_SUSPICIOUS_MOVE = YES;
				CLANG_WARN_UNGUARDED_AVAILABILITY = YES_AGGRESSIVE;
				CLANG_WARN_UNREACHABLE_CODE = YES;
				CLANG_WARN__DUPLICATE_METHOD_MATCH = YES;
				COPY_PHASE_STRIP = NO;
				DEBUG_INFORMATION_FORMAT = dwarf;
				ENABLE_STRICT_OBJC_MSGSEND = YES;
				ENABLE_TESTABILITY = YES;
				GCC_C_LANGUAGE_STANDARD = gnu11;
				GCC_DYNAMIC_NO_PIC = NO;
				GCC_NO_COMMON_BLOCKS = YES;
				GCC_OPTIMIZATION_LEVEL = 0;
				GCC_PREPROCESSOR_DEFINITIONS = (
					"DEBUG=1",
					"$(inherited)",
				);
				GCC_WARN_64_TO_32_BIT_CONVERSION = YES;
				GCC_WARN_ABOUT_RETURN_TYPE = YES_ERROR;
				GCC_WARN_UNDECLARED_SELECTOR = YES;
				GCC_WARN_UNINITIALIZED_AUTOS = YES_AGGRESSIVE;
				GCC_WARN_UNUSED_FUNCTION = YES;
				GCC_WARN_UNUSED_VARIABLE = YES;
				IPHONEOS_DEPLOYMENT_TARGET = 16.1;
				MTL_ENABLE_DEBUG_INFO = INCLUDE_SOURCE;
				MTL_FAST_MATH = YES;
				ONLY_ACTIVE_ARCH = YES;
				SDKROOT = iphoneos;
				SWIFT_ACTIVE_COMPILATION_CONDITIONS = DEBUG;
				SWIFT_OPTIMIZATION_LEVEL = "-Onone";
			};
			name = Debug;
		};
		EDF854E6291D302F004217B3 /* Release */ = {
			isa = XCBuildConfiguration;
			buildSettings = {
				ALWAYS_SEARCH_USER_PATHS = NO;
				CLANG_ANALYZER_NONNULL = YES;
				CLANG_ANALYZER_NUMBER_OBJECT_CONVERSION = YES_AGGRESSIVE;
				CLANG_CXX_LANGUAGE_STANDARD = "gnu++20";
				CLANG_ENABLE_MODULES = YES;
				CLANG_ENABLE_OBJC_ARC = YES;
				CLANG_ENABLE_OBJC_WEAK = YES;
				CLANG_WARN_BLOCK_CAPTURE_AUTORELEASING = YES;
				CLANG_WARN_BOOL_CONVERSION = YES;
				CLANG_WARN_COMMA = YES;
				CLANG_WARN_CONSTANT_CONVERSION = YES;
				CLANG_WARN_DEPRECATED_OBJC_IMPLEMENTATIONS = YES;
				CLANG_WARN_DIRECT_OBJC_ISA_USAGE = YES_ERROR;
				CLANG_WARN_DOCUMENTATION_COMMENTS = YES;
				CLANG_WARN_EMPTY_BODY = YES;
				CLANG_WARN_ENUM_CONVERSION = YES;
				CLANG_WARN_INFINITE_RECURSION = YES;
				CLANG_WARN_INT_CONVERSION = YES;
				CLANG_WARN_NON_LITERAL_NULL_CONVERSION = YES;
				CLANG_WARN_OBJC_IMPLICIT_RETAIN_SELF = YES;
				CLANG_WARN_OBJC_LITERAL_CONVERSION = YES;
				CLANG_WARN_OBJC_ROOT_CLASS = YES_ERROR;
				CLANG_WARN_QUOTED_INCLUDE_IN_FRAMEWORK_HEADER = YES;
				CLANG_WARN_RANGE_LOOP_ANALYSIS = YES;
				CLANG_WARN_STRICT_PROTOTYPES = YES;
				CLANG_WARN_SUSPICIOUS_MOVE = YES;
				CLANG_WARN_UNGUARDED_AVAILABILITY = YES_AGGRESSIVE;
				CLANG_WARN_UNREACHABLE_CODE = YES;
				CLANG_WARN__DUPLICATE_METHOD_MATCH = YES;
				COPY_PHASE_STRIP = NO;
				DEBUG_INFORMATION_FORMAT = "dwarf-with-dsym";
				ENABLE_NS_ASSERTIONS = NO;
				ENABLE_STRICT_OBJC_MSGSEND = YES;
				GCC_C_LANGUAGE_STANDARD = gnu11;
				GCC_NO_COMMON_BLOCKS = YES;
				GCC_WARN_64_TO_32_BIT_CONVERSION = YES;
				GCC_WARN_ABOUT_RETURN_TYPE = YES_ERROR;
				GCC_WARN_UNDECLARED_SELECTOR = YES;
				GCC_WARN_UNINITIALIZED_AUTOS = YES_AGGRESSIVE;
				GCC_WARN_UNUSED_FUNCTION = YES;
				GCC_WARN_UNUSED_VARIABLE = YES;
				IPHONEOS_DEPLOYMENT_TARGET = 16.1;
				MTL_ENABLE_DEBUG_INFO = NO;
				MTL_FAST_MATH = YES;
				SDKROOT = iphoneos;
				SWIFT_COMPILATION_MODE = wholemodule;
				SWIFT_OPTIMIZATION_LEVEL = "-O";
				VALIDATE_PRODUCT = YES;
			};
			name = Release;
		};
		EDF854E8291D302F004217B3 /* Debug */ = {
			isa = XCBuildConfiguration;
			buildSettings = {
				ASSETCATALOG_COMPILER_APPICON_NAME = AppIcon;
				ASSETCATALOG_COMPILER_GLOBAL_ACCENT_COLOR_NAME = AccentColor;
				CODE_SIGN_STYLE = Automatic;
				CURRENT_PROJECT_VERSION = 1;
				DEVELOPMENT_ASSET_PATHS = "\"Africa_Credo/Preview Content\"";
				DEVELOPMENT_TEAM = 6RCA557BDZ;
				ENABLE_PREVIEWS = YES;
				GENERATE_INFOPLIST_FILE = YES;
				INFOPLIST_FILE = "Africa-Credo-Info.plist";
				INFOPLIST_KEY_UIApplicationSceneManifest_Generation = YES;
				INFOPLIST_KEY_UIApplicationSupportsIndirectInputEvents = YES;
				INFOPLIST_KEY_UISupportedInterfaceOrientations_iPad = "UIInterfaceOrientationPortrait UIInterfaceOrientationPortraitUpsideDown UIInterfaceOrientationLandscapeLeft UIInterfaceOrientationLandscapeRight";
				INFOPLIST_KEY_UISupportedInterfaceOrientations_iPhone = "UIInterfaceOrientationPortrait UIInterfaceOrientationLandscapeLeft UIInterfaceOrientationLandscapeRight";
				INFOPLIST_KEY_UIUserInterfaceStyle = Dark;
				LD_RUNPATH_SEARCH_PATHS = (
					"$(inherited)",
					"@executable_path/Frameworks",
				);
				MARKETING_VERSION = 1.0;
				PRODUCT_BUNDLE_IDENTIFIER = "com.mobapp.Africa-Credo";
				PRODUCT_NAME = "$(TARGET_NAME)";
				SWIFT_EMIT_LOC_STRINGS = YES;
				SWIFT_VERSION = 5.0;
				TARGETED_DEVICE_FAMILY = "1,2";
			};
			name = Debug;
		};
		EDF854E9291D302F004217B3 /* Release */ = {
			isa = XCBuildConfiguration;
			buildSettings = {
				ASSETCATALOG_COMPILER_APPICON_NAME = AppIcon;
				ASSETCATALOG_COMPILER_GLOBAL_ACCENT_COLOR_NAME = AccentColor;
				CODE_SIGN_STYLE = Automatic;
				CURRENT_PROJECT_VERSION = 1;
				DEVELOPMENT_ASSET_PATHS = "\"Africa_Credo/Preview Content\"";
				DEVELOPMENT_TEAM = 6RCA557BDZ;
				ENABLE_PREVIEWS = YES;
				GENERATE_INFOPLIST_FILE = YES;
				INFOPLIST_FILE = "Africa-Credo-Info.plist";
				INFOPLIST_KEY_UIApplicationSceneManifest_Generation = YES;
				INFOPLIST_KEY_UIApplicationSupportsIndirectInputEvents = YES;
				INFOPLIST_KEY_UISupportedInterfaceOrientations_iPad = "UIInterfaceOrientationPortrait UIInterfaceOrientationPortraitUpsideDown UIInterfaceOrientationLandscapeLeft UIInterfaceOrientationLandscapeRight";
				INFOPLIST_KEY_UISupportedInterfaceOrientations_iPhone = "UIInterfaceOrientationPortrait UIInterfaceOrientationLandscapeLeft UIInterfaceOrientationLandscapeRight";
				INFOPLIST_KEY_UIUserInterfaceStyle = Dark;
				LD_RUNPATH_SEARCH_PATHS = (
					"$(inherited)",
					"@executable_path/Frameworks",
				);
				MARKETING_VERSION = 1.0;
				PRODUCT_BUNDLE_IDENTIFIER = "com.mobapp.Africa-Credo";
				PRODUCT_NAME = "$(TARGET_NAME)";
				SWIFT_EMIT_LOC_STRINGS = YES;
				SWIFT_VERSION = 5.0;
				TARGETED_DEVICE_FAMILY = "1,2";
			};
			name = Release;
		};
/* End XCBuildConfiguration section */

/* Begin XCConfigurationList section */
		EDF854D4291D3027004217B3 /* Build configuration list for PBXProject "Africa_Credo" */ = {
			isa = XCConfigurationList;
			buildConfigurations = (
				EDF854E5291D302F004217B3 /* Debug */,
				EDF854E6291D302F004217B3 /* Release */,
			);
			defaultConfigurationIsVisible = 0;
			defaultConfigurationName = Release;
		};
		EDF854E7291D302F004217B3 /* Build configuration list for PBXNativeTarget "Africa_Credo" */ = {
			isa = XCConfigurationList;
			buildConfigurations = (
				EDF854E8291D302F004217B3 /* Debug */,
				EDF854E9291D302F004217B3 /* Release */,
			);
			defaultConfigurationIsVisible = 0;
			defaultConfigurationName = Release;
		};
/* End XCConfigurationList section */
	};
	rootObject = EDF854D1291D3027004217B3 /* Project object */;
}
